
Microsoft Visual Studio Solution File, Format Version 12.00
# Visual Studio Version 16
VisualStudioVersion = 16.0.32002.261
MinimumVisualStudioVersion = 10.0.40219.1
Project("{9A19103F-16F7-4668-BE54-9A1E7A4F7556}") = "WooCommerceWorkerService", "WooCommerceWorkerService\WooCommerceWorkerService.csproj", "{12E3B946-A427-474E-A951-4D88722300EA}"
EndProject
Project("{9A19103F-16F7-4668-BE54-9A1E7A4F7556}") = "WooCommerceApp", "WooCommerceApp\WooCommerceApp.csproj", "{3C08119F-3202-45C6-8A61-4DDE84876520}"
EndProject
Project("{9A19103F-16F7-4668-BE54-9A1E7A4F7556}") = "WooCommerceDomain", "WooCommerceDomain\WooCommerceDomain.csproj", "{88D82D05-E655-4B31-B5EF-928C8724D86F}"
EndProject
Global
	GlobalSection(SolutionConfigurationPlatforms) = preSolution
		Debug|Any CPU = Debug|Any CPU
		Release|Any CPU = Release|Any CPU
	EndGlobalSection
	GlobalSection(ProjectConfigurationPlatforms) = postSolution
		{12E3B946-A427-474E-A951-4D88722300EA}.Debug|Any CPU.ActiveCfg = Debug|Any CPU
		{12E3B946-A427-474E-A951-4D88722300EA}.Debug|Any CPU.Build.0 = Debug|Any CPU
		{12E3B946-A427-474E-A951-4D88722300EA}.Release|Any CPU.ActiveCfg = Release|Any CPU
		{12E3B946-A427-474E-A951-4D88722300EA}.Release|Any CPU.Build.0 = Release|Any CPU
		{3C08119F-3202-45C6-8A61-4DDE84876520}.Debug|Any CPU.ActiveCfg = Debug|Any CPU
		{3C08119F-3202-45C6-8A61-4DDE84876520}.Debug|Any CPU.Build.0 = Debug|Any CPU
		{3C08119F-3202-45C6-8A61-4DDE84876520}.Release|Any CPU.ActiveCfg = Release|Any CPU
		{3C08119F-3202-45C6-8A61-4DDE84876520}.Release|Any CPU.Build.0 = Release|Any CPU
		{88D82D05-E655-4B31-B5EF-928C8724D86F}.Debug|Any CPU.ActiveCfg = Debug|Any CPU
		{88D82D05-E655-4B31-B5EF-928C8724D86F}.Debug|Any CPU.Build.0 = Debug|Any CPU
		{88D82D05-E655-4B31-B5EF-928C8724D86F}.Release|Any CPU.ActiveCfg = Release|Any CPU
		{88D82D05-E655-4B31-B5EF-928C8724D86F}.Release|Any CPU.Build.0 = Release|Any CPU
	EndGlobalSection
	GlobalSection(SolutionProperties) = preSolution
		HideSolutionNode = FALSE
	EndGlobalSection
	GlobalSection(ExtensibilityGlobals) = postSolution
		SolutionGuid = {BC96D476-918F-4C9C-A113-055E6BA115B6}
	EndGlobalSection
EndGlobal
